
Microsoft Visual Studio Solution File, Format Version 12.00
# Visual Studio 15
VisualStudioVersion = 15.0.28307.168
MinimumVisualStudioVersion = 10.0.40219.1
Project("{FAE04EC0-301F-11D3-BF4B-00C04F79EFBC}") = "DRS", "DRS.csproj", "{81AC964F-0367-41D2-AC90-AE009EC21D6B}"
EndProject
Global
	GlobalSection(SolutionConfigurationPlatforms) = preSolution
		Debug|Any CPU = Debug|Any CPU
		Release|Any CPU = Release|Any CPU
	EndGlobalSection
	GlobalSection(ProjectConfigurationPlatforms) = postSolution
		{81AC964F-0367-41D2-AC90-AE009EC21D6B}.Debug|Any CPU.ActiveCfg = Debug|Any CPU
		{81AC964F-0367-41D2-AC90-AE009EC21D6B}.Debug|Any CPU.Build.0 = Debug|Any CPU
		{81AC964F-0367-41D2-AC90-AE009EC21D6B}.Release|Any CPU.ActiveCfg = Release|Any CPU
		{81AC964F-0367-41D2-AC90-AE009EC21D6B}.Release|Any CPU.Build.0 = Release|Any CPU
	EndGlobalSection
	GlobalSection(SolutionProperties) = preSolution
		HideSolutionNode = FALSE
	EndGlobalSection
	GlobalSection(ExtensibilityGlobals) = postSolution
		SolutionGuid = {802356AF-CCE9-42F7-BCB5-CA4980AA0294}
	EndGlobalSection
EndGlobal
